
Microsoft Visual Studio Solution File, Format Version 12.00
# Visual Studio 2012
Project("{FAE04EC0-301F-11D3-BF4B-00C04F79EFBC}") = "HermanApp", "HermanApp\HermanApp.csproj", "{F7167DA8-94DC-4486-8422-5B4F06042B19}"
EndProject
Project("{FAE04EC0-301F-11D3-BF4B-00C04F79EFBC}") = "HermanApp.UITests", "HermanApp.UITests\HermanApp.UITests.csproj", "{D18279A4-123C-4E70-9CEC-C0CEA112DC91}"
EndProject
Global
	GlobalSection(SolutionConfigurationPlatforms) = preSolution
		Debug|Any CPU = Debug|Any CPU
		Release|Any CPU = Release|Any CPU
	EndGlobalSection
	GlobalSection(ProjectConfigurationPlatforms) = postSolution
		{D18279A4-123C-4E70-9CEC-C0CEA112DC91}.Debug|Any CPU.ActiveCfg = Debug|Any CPU
		{D18279A4-123C-4E70-9CEC-C0CEA112DC91}.Debug|Any CPU.Build.0 = Debug|Any CPU
		{D18279A4-123C-4E70-9CEC-C0CEA112DC91}.Release|Any CPU.ActiveCfg = Release|Any CPU
		{D18279A4-123C-4E70-9CEC-C0CEA112DC91}.Release|Any CPU.Build.0 = Release|Any CPU
		{F7167DA8-94DC-4486-8422-5B4F06042B19}.Debug|Any CPU.ActiveCfg = Debug|Any CPU
		{F7167DA8-94DC-4486-8422-5B4F06042B19}.Debug|Any CPU.Build.0 = Debug|Any CPU
		{F7167DA8-94DC-4486-8422-5B4F06042B19}.Release|Any CPU.ActiveCfg = Release|Any CPU
		{F7167DA8-94DC-4486-8422-5B4F06042B19}.Release|Any CPU.Build.0 = Release|Any CPU
	EndGlobalSection
EndGlobal
